{
  "object": {
    "pins": [
      {
        "package": "Starscream",
        "repositoryURL": "https://github.com/Fluzzarn/Starscream.git",
        "state": {
          "branch": null,
          "revision": "6e0752d4eeb531f1d4582f8a1f6ce30d271e7fdb",
          "version": "1.0.0"
        }
      }
    ]
  },
  "version": 1
}
